// !$*UTF8*$!
{
	archiveVersion = 1;
	classes = {
	};
	objectVersion = 46;
	objects = {

/* Begin PBXBuildFile section */
		943C1EF01B47E68400718FEB /* test.html in Resources */ = {isa = PBXBuildFile; fileRef = 943C1EEF1B47E68400718FEB /* test.html */; };
		94B9C3EE1B46A396002B99E1 /* main.m in Sources */ = {isa = PBXBuildFile; fileRef = 94B9C3ED1B46A396002B99E1 /* main.m */; };
		94B9C3F11B46A396002B99E1 /* AppDelegate.m in Sources */ = {isa = PBXBuildFile; fileRef = 94B9C3F01B46A396002B99E1 /* AppDelegate.m */; };
		94B9C3F71B46A396002B99E1 /* Main.storyboard in Resources */ = {isa = PBXBuildFile; fileRef = 94B9C3F51B46A396002B99E1 /* Main.storyboard */; };
		94B9C3F91B46A396002B99E1 /* Images.xcassets in Resources */ = {isa = PBXBuildFile; fileRef = 94B9C3F81B46A396002B99E1 /* Images.xcassets */; };
		94B9C3FC1B46A396002B99E1 /* LaunchScreen.xib in Resources */ = {isa = PBXBuildFile; fileRef = 94B9C3FA1B46A396002B99E1 /* LaunchScreen.xib */; };
		94B9C4081B46A396002B99E1 /* iOS_uyghur_keyboard_webviewTests.m in Sources */ = {isa = PBXBuildFile; fileRef = 94B9C4071B46A396002B99E1 /* iOS_uyghur_keyboard_webviewTests.m */; };
		94B9C4151B46A3D2002B99E1 /* MainViewController.m in Sources */ = {isa = PBXBuildFile; fileRef = 94B9C4121B46A3D2002B99E1 /* MainViewController.m */; };
		94B9C4161B46A3D2002B99E1 /* WebInputViewController.m in Sources */ = {isa = PBXBuildFile; fileRef = 94B9C4141B46A3D2002B99E1 /* WebInputViewController.m */; };
		94B9C41E1B46B1DB002B99E1 /* ALKATIP Basma Tom.TTF in Resources */ = {isa = PBXBuildFile; fileRef = 94B9C41A1B46B1DB002B99E1 /* ALKATIP Basma Tom.TTF */; };
		94B9C41F1B46B1DB002B99E1 /* key_btn_gray@2x.png in Resources */ = {isa = PBXBuildFile; fileRef = 94B9C41B1B46B1DB002B99E1 /* key_btn_gray@2x.png */; };
		94B9C4201B46B1DB002B99E1 /* key_btn_normal@2x.png in Resources */ = {isa = PBXBuildFile; fileRef = 94B9C41C1B46B1DB002B99E1 /* key_btn_normal@2x.png */; };
		94B9C4211B46B1DB002B99E1 /* UyghurSDK_iOS.framework in Frameworks */ = {isa = PBXBuildFile; fileRef = 94B9C41D1B46B1DB002B99E1 /* UyghurSDK_iOS.framework */; };
		94B9C4221B46B1E5002B99E1 /* UyghurSDK_iOS.framework in Frameworks */ = {isa = PBXBuildFile; fileRef = 94B9C41D1B46B1DB002B99E1 /* UyghurSDK_iOS.framework */; };
		94B9C4231B46B1E5002B99E1 /* UyghurSDK_iOS.framework in Embed Frameworks */ = {isa = PBXBuildFile; fileRef = 94B9C41D1B46B1DB002B99E1 /* UyghurSDK_iOS.framework */; settings = {ATTRIBUTES = (CodeSignOnCopy, RemoveHeadersOnCopy, ); }; };
/* End PBXBuildFile section */

/* Begin PBXContainerItemProxy section */
		94B9C4021B46A396002B99E1 /* PBXContainerItemProxy */ = {
			isa = PBXContainerItemProxy;
			containerPortal = 94B9C3E01B46A396002B99E1 /* Project object */;
			proxyType = 1;
			remoteGlobalIDString = 94B9C3E71B46A396002B99E1;
			remoteInfo = "iOS-uyghur-keyboard-webview";
		};
/* End PBXContainerItemProxy section */

/* Begin PBXCopyFilesBuildPhase section */
		94B9C4241B46B1E5002B99E1 /* Embed Frameworks */ = {
			isa = PBXCopyFilesBuildPhase;
			buildActionMask = 2147483647;
			dstPath = "";
			dstSubfolderSpec = 10;
			files = (
				94B9C4231B46B1E5002B99E1 /* UyghurSDK_iOS.framework in Embed Frameworks */,
			);
			name = "Embed Frameworks";
			runOnlyForDeploymentPostprocessing = 0;
		};
/* End PBXCopyFilesBuildPhase section */

/* Begin PBXFileReference section */
		943C1EEF1B47E68400718FEB /* test.html */ = {isa = PBXFileReference; fileEncoding = 4; lastKnownFileType = text.html; path = test.html; sourceTree = "<group>"; };
		94B9C3E81B46A396002B99E1 /* iOS-uyghur-keyboard-webview.app */ = {isa = PBXFileReference; explicitFileType = wrapper.application; includeInIndex = 0; path = "iOS-uyghur-keyboard-webview.app"; sourceTree = BUILT_PRODUCTS_DIR; };
		94B9C3EC1B46A396002B99E1 /* Info.plist */ = {isa = PBXFileReference; lastKnownFileType = text.plist.xml; path = Info.plist; sourceTree = "<group>"; };
		94B9C3ED1B46A396002B99E1 /* main.m */ = {isa = PBXFileReference; lastKnownFileType = sourcecode.c.objc; path = main.m; sourceTree = "<group>"; };
		94B9C3EF1B46A396002B99E1 /* AppDelegate.h */ = {isa = PBXFileReference; lastKnownFileType = sourcecode.c.h; path = AppDelegate.h; sourceTree = "<group>"; };
		94B9C3F01B46A396002B99E1 /* AppDelegate.m */ = {isa = PBXFileReference; lastKnownFileType = sourcecode.c.objc; path = AppDelegate.m; sourceTree = "<group>"; };
		94B9C3F61B46A396002B99E1 /* Base */ = {isa = PBXFileReference; lastKnownFileType = file.storyboard; name = Base; path = Base.lproj/Main.storyboard; sourceTree = "<group>"; };
		94B9C3F81B46A396002B99E1 /* Images.xcassets */ = {isa = PBXFileReference; lastKnownFileType = folder.assetcatalog; path = Images.xcassets; sourceTree = "<group>"; };
		94B9C3FB1B46A396002B99E1 /* Base */ = {isa = PBXFileReference; lastKnownFileType = file.xib; name = Base; path = Base.lproj/LaunchScreen.xib; sourceTree = "<group>"; };
		94B9C4011B46A396002B99E1 /* iOS-uyghur-keyboard-webviewTests.xctest */ = {isa = PBXFileReference; explicitFileType = wrapper.cfbundle; includeInIndex = 0; path = "iOS-uyghur-keyboard-webviewTests.xctest"; sourceTree = BUILT_PRODUCTS_DIR; };
		94B9C4061B46A396002B99E1 /* Info.plist */ = {isa = PBXFileReference; lastKnownFileType = text.plist.xml; path = Info.plist; sourceTree = "<group>"; };
		94B9C4071B46A396002B99E1 /* iOS_uyghur_keyboard_webviewTests.m */ = {isa = PBXFileReference; lastKnownFileType = sourcecode.c.objc; path = iOS_uyghur_keyboard_webviewTests.m; sourceTree = "<group>"; };
		94B9C4111B46A3D2002B99E1 /* MainViewController.h */ = {isa = PBXFileReference; fileEncoding = 4; lastKnownFileType = sourcecode.c.h; path = MainViewController.h; sourceTree = "<group>"; };
		94B9C4121B46A3D2002B99E1 /* MainViewController.m */ = {isa = PBXFileReference; fileEncoding = 4; lastKnownFileType = sourcecode.c.objc; path = MainViewController.m; sourceTree = "<group>"; };
		94B9C4131B46A3D2002B99E1 /* WebInputViewController.h */ = {isa = PBXFileReference; fileEncoding = 4; lastKnownFileType = sourcecode.c.h; path = WebInputViewController.h; sourceTree = "<group>"; };
		94B9C4141B46A3D2002B99E1 /* WebInputViewController.m */ = {isa = PBXFileReference; fileEncoding = 4; lastKnownFileType = sourcecode.c.objc; path = WebInputViewController.m; sourceTree = "<group>"; };
		94B9C41A1B46B1DB002B99E1 /* ALKATIP Basma Tom.TTF */ = {isa = PBXFileReference; lastKnownFileType = file; path = "ALKATIP Basma Tom.TTF"; sourceTree = "<group>"; };
		94B9C41B1B46B1DB002B99E1 /* key_btn_gray@2x.png */ = {isa = PBXFileReference; lastKnownFileType = image.png; path = "key_btn_gray@2x.png"; sourceTree = "<group>"; };
		94B9C41C1B46B1DB002B99E1 /* key_btn_normal@2x.png */ = {isa = PBXFileReference; lastKnownFileType = image.png; path = "key_btn_normal@2x.png"; sourceTree = "<group>"; };
		94B9C41D1B46B1DB002B99E1 /* UyghurSDK_iOS.framework */ = {isa = PBXFileReference; lastKnownFileType = wrapper.framework; path = UyghurSDK_iOS.framework; sourceTree = "<group>"; };
/* End PBXFileReference section */

/* Begin PBXFrameworksBuildPhase section */
		94B9C3E51B46A396002B99E1 /* Frameworks */ = {
			isa = PBXFrameworksBuildPhase;
			buildActionMask = 2147483647;
			files = (
				94B9C4211B46B1DB002B99E1 /* UyghurSDK_iOS.framework in Frameworks */,
				94B9C4221B46B1E5002B99E1 /* UyghurSDK_iOS.framework in Frameworks */,
			);
			runOnlyForDeploymentPostprocessing = 0;
		};
		94B9C3FE1B46A396002B99E1 /* Frameworks */ = {
			isa = PBXFrameworksBuildPhase;
			buildActionMask = 2147483647;
			files = (
			);
			runOnlyForDeploymentPostprocessing = 0;
		};
/* End PBXFrameworksBuildPhase section */

/* Begin PBXGroup section */
		94B9C3DF1B46A396002B99E1 = {
			isa = PBXGroup;
			children = (
				94B9C3EA1B46A396002B99E1 /* iOS-uyghur-keyboard-webview */,
				94B9C4041B46A396002B99E1 /* iOS-uyghur-keyboard-webviewTests */,
				94B9C3E91B46A396002B99E1 /* Products */,
			);
			sourceTree = "<group>";
		};
		94B9C3E91B46A396002B99E1 /* Products */ = {
			isa = PBXGroup;
			children = (
				94B9C3E81B46A396002B99E1 /* iOS-uyghur-keyboard-webview.app */,
				94B9C4011B46A396002B99E1 /* iOS-uyghur-keyboard-webviewTests.xctest */,
			);
			name = Products;
			sourceTree = "<group>";
		};
		94B9C3EA1B46A396002B99E1 /* iOS-uyghur-keyboard-webview */ = {
			isa = PBXGroup;
			children = (
				943C1EEF1B47E68400718FEB /* test.html */,
				94B9C4191B46B1DB002B99E1 /* UyghurSDK */,
				94B9C4111B46A3D2002B99E1 /* MainViewController.h */,
				94B9C4121B46A3D2002B99E1 /* MainViewController.m */,
				94B9C4131B46A3D2002B99E1 /* WebInputViewController.h */,
				94B9C4141B46A3D2002B99E1 /* WebInputViewController.m */,
				94B9C3EF1B46A396002B99E1 /* AppDelegate.h */,
				94B9C3F01B46A396002B99E1 /* AppDelegate.m */,
				94B9C3F51B46A396002B99E1 /* Main.storyboard */,
				94B9C3F81B46A396002B99E1 /* Images.xcassets */,
				94B9C3FA1B46A396002B99E1 /* LaunchScreen.xib */,
				94B9C3EB1B46A396002B99E1 /* Supporting Files */,
			);
			path = "iOS-uyghur-keyboard-webview";
			sourceTree = "<group>";
		};
		94B9C3EB1B46A396002B99E1 /* Supporting Files */ = {
			isa = PBXGroup;
			children = (
				94B9C3EC1B46A396002B99E1 /* Info.plist */,
				94B9C3ED1B46A396002B99E1 /* main.m */,
			);
			name = "Supporting Files";
			sourceTree = "<group>";
		};
		94B9C4041B46A396002B99E1 /* iOS-uyghur-keyboard-webviewTests */ = {
			isa = PBXGroup;
			children = (
				94B9C4071B46A396002B99E1 /* iOS_uyghur_keyboard_webviewTests.m */,
				94B9C4051B46A396002B99E1 /* Supporting Files */,
			);
			path = "iOS-uyghur-keyboard-webviewTests";
			sourceTree = "<group>";
		};
		94B9C4051B46A396002B99E1 /* Supporting Files */ = {
			isa = PBXGroup;
			children = (
				94B9C4061B46A396002B99E1 /* Info.plist */,
			);
			name = "Supporting Files";
			sourceTree = "<group>";
		};
		94B9C4191B46B1DB002B99E1 /* UyghurSDK */ = {
			isa = PBXGroup;
			children = (
				94B9C41A1B46B1DB002B99E1 /* ALKATIP Basma Tom.TTF */,
				94B9C41B1B46B1DB002B99E1 /* key_btn_gray@2x.png */,
				94B9C41C1B46B1DB002B99E1 /* key_btn_normal@2x.png */,
				94B9C41D1B46B1DB002B99E1 /* UyghurSDK_iOS.framework */,
			);
			path = UyghurSDK;
			sourceTree = "<group>";
		};
/* End PBXGroup section */

/* Begin PBXNativeTarget section */
		94B9C3E71B46A396002B99E1 /* iOS-uyghur-keyboard-webview */ = {
			isa = PBXNativeTarget;
			buildConfigurationList = 94B9C40B1B46A396002B99E1 /* Build configuration list for PBXNativeTarget "iOS-uyghur-keyboard-webview" */;
			buildPhases = (
				94B9C3E41B46A396002B99E1 /* Sources */,
				94B9C3E51B46A396002B99E1 /* Frameworks */,
				94B9C3E61B46A396002B99E1 /* Resources */,
				94B9C4241B46B1E5002B99E1 /* Embed Frameworks */,
			);
			buildRules = (
			);
			dependencies = (
			);
			name = "iOS-uyghur-keyboard-webview";
			productName = "iOS-uyghur-keyboard-webview";
			productReference = 94B9C3E81B46A396002B99E1 /* iOS-uyghur-keyboard-webview.app */;
			productType = "com.apple.product-type.application";
		};
		94B9C4001B46A396002B99E1 /* iOS-uyghur-keyboard-webviewTests */ = {
			isa = PBXNativeTarget;
			buildConfigurationList = 94B9C40E1B46A396002B99E1 /* Build configuration list for PBXNativeTarget "iOS-uyghur-keyboard-webviewTests" */;
			buildPhases = (
				94B9C3FD1B46A396002B99E1 /* Sources */,
				94B9C3FE1B46A396002B99E1 /* Frameworks */,
				94B9C3FF1B46A396002B99E1 /* Resources */,
			);
			buildRules = (
			);
			dependencies = (
				94B9C4031B46A396002B99E1 /* PBXTargetDependency */,
			);
			name = "iOS-uyghur-keyboard-webviewTests";
			productName = "iOS-uyghur-keyboard-webviewTests";
			productReference = 94B9C4011B46A396002B99E1 /* iOS-uyghur-keyboard-webviewTests.xctest */;
			productType = "com.apple.product-type.bundle.unit-test";
		};
/* End PBXNativeTarget section */

/* Begin PBXProject section */
		94B9C3E01B46A396002B99E1 /* Project object */ = {
			isa = PBXProject;
			attributes = {
				LastUpgradeCheck = 0630;
				ORGANIZATIONNAME = alimjan;
				TargetAttributes = {
					94B9C3E71B46A396002B99E1 = {
						CreatedOnToolsVersion = 6.3.1;
					};
					94B9C4001B46A396002B99E1 = {
						CreatedOnToolsVersion = 6.3.1;
						TestTargetID = 94B9C3E71B46A396002B99E1;
					};
				};
			};
			buildConfigurationList = 94B9C3E31B46A396002B99E1 /* Build configuration list for PBXProject "iOS-uyghur-keyboard-webview" */;
			compatibilityVersion = "Xcode 3.2";
			developmentRegion = English;
			hasScannedForEncodings = 0;
			knownRegions = (
				en,
				Base,
			);
			mainGroup = 94B9C3DF1B46A396002B99E1;
			productRefGroup = 94B9C3E91B46A396002B99E1 /* Products */;
			projectDirPath = "";
			projectRoot = "";
			targets = (
				94B9C3E71B46A396002B99E1 /* iOS-uyghur-keyboard-webview */,
				94B9C4001B46A396002B99E1 /* iOS-uyghur-keyboard-webviewTests */,
			);
		};
/* End PBXProject section */

/* Begin PBXResourcesBuildPhase section */
		94B9C3E61B46A396002B99E1 /* Resources */ = {
			isa = PBXResourcesBuildPhase;
			buildActionMask = 2147483647;
			files = (
				943C1EF01B47E68400718FEB /* test.html in Resources */,
				94B9C4201B46B1DB002B99E1 /* key_btn_normal@2x.png in Resources */,
				94B9C3F71B46A396002B99E1 /* Main.storyboard in Resources */,
				94B9C3FC1B46A396002B99E1 /* LaunchScreen.xib in Resources */,
				94B9C3F91B46A396002B99E1 /* Images.xcassets in Resources */,
				94B9C41E1B46B1DB002B99E1 /* ALKATIP Basma Tom.TTF in Resources */,
				94B9C41F1B46B1DB002B99E1 /* key_btn_gray@2x.png in Resources */,
			);
			runOnlyForDeploymentPostprocessing = 0;
		};
		94B9C3FF1B46A396002B99E1 /* Resources */ = {
			isa = PBXResourcesBuildPhase;
			buildActionMask = 2147483647;
			files = (
			);
			runOnlyForDeploymentPostprocessing = 0;
		};
/* End PBXResourcesBuildPhase section */

/* Begin PBXSourcesBuildPhase section */
		94B9C3E41B46A396002B99E1 /* Sources */ = {
			isa = PBXSourcesBuildPhase;
			buildActionMask = 2147483647;
			files = (
				94B9C4161B46A3D2002B99E1 /* WebInputViewController.m in Sources */,
				94B9C3F11B46A396002B99E1 /* AppDelegate.m in Sources */,
				94B9C4151B46A3D2002B99E1 /* MainViewController.m in Sources */,
				94B9C3EE1B46A396002B99E1 /* main.m in Sources */,
			);
			runOnlyForDeploymentPostprocessing = 0;
		};
		94B9C3FD1B46A396002B99E1 /* Sources */ = {
			isa = PBXSourcesBuildPhase;
			buildActionMask = 2147483647;
			files = (
				94B9C4081B46A396002B99E1 /* iOS_uyghur_keyboard_webviewTests.m in Sources */,
			);
			runOnlyForDeploymentPostprocessing = 0;
		};
/* End PBXSourcesBuildPhase section */

/* Begin PBXTargetDependency section */
		94B9C4031B46A396002B99E1 /* PBXTargetDependency */ = {
			isa = PBXTargetDependency;
			target = 94B9C3E71B46A396002B99E1 /* iOS-uyghur-keyboard-webview */;
			targetProxy = 94B9C4021B46A396002B99E1 /* PBXContainerItemProxy */;
		};
/* End PBXTargetDependency section */

/* Begin PBXVariantGroup section */
		94B9C3F51B46A396002B99E1 /* Main.storyboard */ = {
			isa = PBXVariantGroup;
			children = (
				94B9C3F61B46A396002B99E1 /* Base */,
			);
			name = Main.storyboard;
			sourceTree = "<group>";
		};
		94B9C3FA1B46A396002B99E1 /* LaunchScreen.xib */ = {
			isa = PBXVariantGroup;
			children = (
				94B9C3FB1B46A396002B99E1 /* Base */,
			);
			name = LaunchScreen.xib;
			sourceTree = "<group>";
		};
/* End PBXVariantGroup section */

/* Begin XCBuildConfiguration section */
		94B9C4091B46A396002B99E1 /* Debug */ = {
			isa = XCBuildConfiguration;
			buildSettings = {
				ALWAYS_SEARCH_USER_PATHS = NO;
				CLANG_CXX_LANGUAGE_STANDARD = "gnu++0x";
				CLANG_CXX_LIBRARY = "libc++";
				CLANG_ENABLE_MODULES = YES;
				CLANG_ENABLE_OBJC_ARC = YES;
				CLANG_WARN_BOOL_CONVERSION = YES;
				CLANG_WARN_CONSTANT_CONVERSION = YES;
				CLANG_WARN_DIRECT_OBJC_ISA_USAGE = YES_ERROR;
				CLANG_WARN_EMPTY_BODY = YES;
				CLANG_WARN_ENUM_CONVERSION = YES;
				CLANG_WARN_INT_CONVERSION = YES;
				CLANG_WARN_OBJC_ROOT_CLASS = YES_ERROR;
				CLANG_WARN_UNREACHABLE_CODE = YES;
				CLANG_WARN__DUPLICATE_METHOD_MATCH = YES;
				"CODE_SIGN_IDENTITY[sdk=iphoneos*]" = "iPhone Developer";
				COPY_PHASE_STRIP = NO;
				DEBUG_INFORMATION_FORMAT = "dwarf-with-dsym";
				ENABLE_STRICT_OBJC_MSGSEND = YES;
				GCC_C_LANGUAGE_STANDARD = gnu99;
				GCC_DYNAMIC_NO_PIC = NO;
				GCC_NO_COMMON_BLOCKS = YES;
				GCC_OPTIMIZATION_LEVEL = 0;
				GCC_PREPROCESSOR_DEFINITIONS = (
					"DEBUG=1",
					"$(inherited)",
				);
				GCC_SYMBOLS_PRIVATE_EXTERN = NO;
				GCC_WARN_64_TO_32_BIT_CONVERSION = YES;
				GCC_WARN_ABOUT_RETURN_TYPE = YES_ERROR;
				GCC_WARN_UNDECLARED_SELECTOR = YES;
				GCC_WARN_UNINITIALIZED_AUTOS = YES_AGGRESSIVE;
				GCC_WARN_UNUSED_FUNCTION = YES;
				GCC_WARN_UNUSED_VARIABLE = YES;
				IPHONEOS_DEPLOYMENT_TARGET = 8.3;
				MTL_ENABLE_DEBUG_INFO = YES;
				ONLY_ACTIVE_ARCH = YES;
				SDKROOT = iphoneos;
			};
			name = Debug;
		};
		94B9C40A1B46A396002B99E1 /* Release */ = {
			isa = XCBuildConfiguration;
			buildSettings = {
				ALWAYS_SEARCH_USER_PATHS = NO;
				CLANG_CXX_LANGUAGE_STANDARD = "gnu++0x";
				CLANG_CXX_LIBRARY = "libc++";
				CLANG_ENABLE_MODULES = YES;
				CLANG_ENABLE_OBJC_ARC = YES;
				CLANG_WARN_BOOL_CONVERSION = YES;
				CLANG_WARN_CONSTANT_CONVERSION = YES;
				CLANG_WARN_DIRECT_OBJC_ISA_USAGE = YES_ERROR;
				CLANG_WARN_EMPTY_BODY = YES;
				CLANG_WARN_ENUM_CONVERSION = YES;
				CLANG_WARN_INT_CONVERSION = YES;
				CLANG_WARN_OBJC_ROOT_CLASS = YES_ERROR;
				CLANG_WARN_UNREACHABLE_CODE = YES;
				CLANG_WARN__DUPLICATE_METHOD_MATCH = YES;
				"CODE_SIGN_IDENTITY[sdk=iphoneos*]" = "iPhone Developer";
				COPY_PHASE_STRIP = NO;
				DEBUG_INFORMATION_FORMAT = "dwarf-with-dsym";
				ENABLE_NS_ASSERTIONS = NO;
				ENABLE_STRICT_OBJC_MSGSEND = YES;
				GCC_C_LANGUAGE_STANDARD = gnu99;
				GCC_NO_COMMON_BLOCKS = YES;
				GCC_WARN_64_TO_32_BIT_CONVERSION = YES;
				GCC_WARN_ABOUT_RETURN_TYPE = YES_ERROR;
				GCC_WARN_UNDECLARED_SELECTOR = YES;
				GCC_WARN_UNINITIALIZED_AUTOS = YES_AGGRESSIVE;
				GCC_WARN_UNUSED_FUNCTION = YES;
				GCC_WARN_UNUSED_VARIABLE = YES;
				IPHONEOS_DEPLOYMENT_TARGET = 8.3;
				MTL_ENABLE_DEBUG_INFO = NO;
				SDKROOT = iphoneos;
				VALIDATE_PRODUCT = YES;
			};
			name = Release;
		};
		94B9C40C1B46A396002B99E1 /* Debug */ = {
			isa = XCBuildConfiguration;
			buildSettings = {
				ASSETCATALOG_COMPILER_APPICON_NAME = AppIcon;
				FRAMEWORK_SEARCH_PATHS = (
					"$(inherited)",
					"$(PROJECT_DIR)/iOS-uyghur-keyboard-webview/UyghurSDK",
				);
				INFOPLIST_FILE = "iOS-uyghur-keyboard-webview/Info.plist";
				LD_RUNPATH_SEARCH_PATHS = "$(inherited) @executable_path/Frameworks";
				PRODUCT_NAME = "$(TARGET_NAME)";
			};
			name = Debug;
		};
		94B9C40D1B46A396002B99E1 /* Release */ = {
			isa = XCBuildConfiguration;
			buildSettings = {
				ASSETCATALOG_COMPILER_APPICON_NAME = AppIcon;
				FRAMEWORK_SEARCH_PATHS = (
					"$(inherited)",
					"$(PROJECT_DIR)/iOS-uyghur-keyboard-webview/UyghurSDK",
				);
				INFOPLIST_FILE = "iOS-uyghur-keyboard-webview/Info.plist";
				LD_RUNPATH_SEARCH_PATHS = "$(inherited) @executable_path/Frameworks";
				PRODUCT_NAME = "$(TARGET_NAME)";
			};
			name = Release;
		};
		94B9C40F1B46A396002B99E1 /* Debug */ = {
			isa = XCBuildConfiguration;
			buildSettings = {
				BUNDLE_LOADER = "$(TEST_HOST)";
				FRAMEWORK_SEARCH_PATHS = (
					"$(SDKROOT)/Developer/Library/Frameworks",
					"$(inherited)",
				);
				GCC_PREPROCESSOR_DEFINITIONS = (
					"DEBUG=1",
					"$(inherited)",
				);
				INFOPLIST_FILE = "iOS-uyghur-keyboard-webviewTests/Info.plist";
				LD_RUNPATH_SEARCH_PATHS = "$(inherited) @executable_path/Frameworks @loader_path/Frameworks";
				PRODUCT_NAME = "$(TARGET_NAME)";
				TEST_HOST = "$(BUILT_PRODUCTS_DIR)/iOS-uyghur-keyboard-webview.app/iOS-uyghur-keyboard-webview";
			};
			name = Debug;
		};
		94B9C4101B46A396002B99E1 /* Release */ = {
			isa = XCBuildConfiguration;
			buildSettings = {
				BUNDLE_LOADER = "$(TEST_HOST)";
				FRAMEWORK_SEARCH_PATHS = (
					"$(SDKROOT)/Developer/Library/Frameworks",
					"$(inherited)",
				);
				INFOPLIST_FILE = "iOS-uyghur-keyboard-webviewTests/Info.plist";
				LD_RUNPATH_SEARCH_PATHS = "$(inherited) @executable_path/Frameworks @loader_path/Frameworks";
				PRODUCT_NAME = "$(TARGET_NAME)";
				TEST_HOST = "$(BUILT_PRODUCTS_DIR)/iOS-uyghur-keyboard-webview.app/iOS-uyghur-keyboard-webview";
			};
			name = Release;
		};
/* End XCBuildConfiguration section */

/* Begin XCConfigurationList section */
		94B9C3E31B46A396002B99E1 /* Build configuration list for PBXProject "iOS-uyghur-keyboard-webview" */ = {
			isa = XCConfigurationList;
			buildConfigurations = (
				94B9C4091B46A396002B99E1 /* Debug */,
				94B9C40A1B46A396002B99E1 /* Release */,
			);
			defaultConfigurationIsVisible = 0;
			defaultConfigurationName = Release;
		};
		94B9C40B1B46A396002B99E1 /* Build configuration list for PBXNativeTarget "iOS-uyghur-keyboard-webview" */ = {
			isa = XCConfigurationList;
			buildConfigurations = (
				94B9C40C1B46A396002B99E1 /* Debug */,
				94B9C40D1B46A396002B99E1 /* Release */,
			);
			defaultConfigurationIsVisible = 0;
			defaultConfigurationName = Release;
		};
		94B9C40E1B46A396002B99E1 /* Build configuration list for PBXNativeTarget "iOS-uyghur-keyboard-webviewTests" */ = {
			isa = XCConfigurationList;
			buildConfigurations = (
				94B9C40F1B46A396002B99E1 /* Debug */,
				94B9C4101B46A396002B99E1 /* Release */,
			);
			defaultConfigurationIsVisible = 0;
			defaultConfigurationName = Release;
		};
/* End XCConfigurationList section */
	};
	rootObject = 94B9C3E01B46A396002B99E1 /* Project object */;
}
